
Microsoft Visual Studio Solution File, Format Version 12.00
# Visual Studio Version 16
VisualStudioVersion = 16.0.32413.511
MinimumVisualStudioVersion = 10.0.40219.1
Project("{FAE04EC0-301F-11D3-BF4B-00C04F79EFBC}") = "Generic.DataLayer", "Generic.DataLayer\Generic.DataLayer.csproj", "{7E2081FD-AD39-452D-8A02-5E6911359B08}"
EndProject
Project("{FAE04EC0-301F-11D3-BF4B-00C04F79EFBC}") = "Generic.App", "Generic.App\Generic.App.csproj", "{BA0A0033-A517-4E4B-8696-9B7AE2C66C37}"
EndProject
Project("{FAE04EC0-301F-11D3-BF4B-00C04F79EFBC}") = "Generic.Mvc", "Generic.Mvc\Generic.Mvc.csproj", "{811C5546-4DAC-4CD3-82A7-268E923A4480}"
EndProject
Global
	GlobalSection(SolutionConfigurationPlatforms) = preSolution
		Debug|Any CPU = Debug|Any CPU
		Release|Any CPU = Release|Any CPU
	EndGlobalSection
	GlobalSection(ProjectConfigurationPlatforms) = postSolution
		{7E2081FD-AD39-452D-8A02-5E6911359B08}.Debug|Any CPU.ActiveCfg = Debug|Any CPU
		{7E2081FD-AD39-452D-8A02-5E6911359B08}.Debug|Any CPU.Build.0 = Debug|Any CPU
		{7E2081FD-AD39-452D-8A02-5E6911359B08}.Release|Any CPU.ActiveCfg = Release|Any CPU
		{7E2081FD-AD39-452D-8A02-5E6911359B08}.Release|Any CPU.Build.0 = Release|Any CPU
		{BA0A0033-A517-4E4B-8696-9B7AE2C66C37}.Debug|Any CPU.ActiveCfg = Debug|Any CPU
		{BA0A0033-A517-4E4B-8696-9B7AE2C66C37}.Debug|Any CPU.Build.0 = Debug|Any CPU
		{BA0A0033-A517-4E4B-8696-9B7AE2C66C37}.Release|Any CPU.ActiveCfg = Release|Any CPU
		{BA0A0033-A517-4E4B-8696-9B7AE2C66C37}.Release|Any CPU.Build.0 = Release|Any CPU
		{811C5546-4DAC-4CD3-82A7-268E923A4480}.Debug|Any CPU.ActiveCfg = Debug|Any CPU
		{811C5546-4DAC-4CD3-82A7-268E923A4480}.Debug|Any CPU.Build.0 = Debug|Any CPU
		{811C5546-4DAC-4CD3-82A7-268E923A4480}.Release|Any CPU.ActiveCfg = Release|Any CPU
		{811C5546-4DAC-4CD3-82A7-268E923A4480}.Release|Any CPU.Build.0 = Release|Any CPU
	EndGlobalSection
	GlobalSection(SolutionProperties) = preSolution
		HideSolutionNode = FALSE
	EndGlobalSection
	GlobalSection(ExtensibilityGlobals) = postSolution
		SolutionGuid = {2246D3EA-5A93-4DDE-AD6B-C6FC0D30DE63}
	EndGlobalSection
EndGlobal
